# THIS IS AN AUTOGENERATED FILE. DO NOT EDIT THIS FILE DIRECTLY.
# yarn lockfile v1


"@ctsy/hook@^0.0.4":
  version "0.0.4"
  resolved "https://registry.yarnpkg.com/@ctsy/hook/-/hook-0.0.4.tgz#8c306cbb1d923e473672c643a869c9bd55eeb83a"
  integrity sha512-Fs/9e9O3/MWSvlRdTpqZsvBu3F3i2mrhBMl5bdHGYcqHdY1UOimvb6yI3qiaLWUyd/nqRpex4ID0tmWlk52BLg==

eventemitter3@^3.1.0:
  version "3.1.2"
  resolved "https://registry.yarnpkg.com/eventemitter3/-/eventemitter3-3.1.2.tgz#2d3d48f9c346698fce83a85d7d664e98535df6e7"
  integrity sha512-tvtQIeLVHjDkJYnzf2dgVMxfuSGJeM/7UCG17TT4EumTfNtF+0nebF/4zWOIkCreAbtNqhGEboB6BWrwqNaw4Q==

hotkeys-js@^3.3.8:
  version "3.6.13"
  resolved "https://registry.yarnpkg.com/hotkeys-js/-/hotkeys-js-3.6.13.tgz#06c56ebf330956a015794f74ae17c982719827c9"
  integrity sha512-Xo92YBCJcvjZvlmbXWjYaUes6WPTo/uXrKvL6a48zqyS19xTe1DeQ+OWvh50pv0Wzkm14rajAvjJiuI9H9xz4w==
